{
  "name": "ai-slash-commands",
  "version": "2026.1.9",
  "lockfileVersion": 3,
  "requires": true,
  "packages": {
    "": {
      "name": "ai-slash-commands",
      "version": "2026.1.9",
      "hasInstallScript": true,
      "bin": {
        "ai-slash-commands": "scripts/cli.mjs"
      }
    }
  }
}
